
Microsoft Visual Studio Solution File, Format Version 12.00
# Visual Studio Version 17
VisualStudioVersion = 17.0.31903.59
MinimumVisualStudioVersion = 10.0.40219.1
Project("{9A19103F-16F7-4668-BE54-9A1E7A4F7556}") = "BuildingBlocks", "src/BuildingBlocks/BuildingBlocks.csproj", "{11111111-1111-1111-1111-111111111111}"
EndProject
Project("{9A19103F-16F7-4668-BE54-9A1E7A4F7556}") = "Core.Domain", "src/Core/Core.Domain.csproj", "{22222222-2222-2222-2222-222222222222}"
EndProject
Project("{9A19103F-16F7-4668-BE54-9A1E7A4F7556}") = "Application", "src/Application/Application.csproj", "{33333333-3333-3333-3333-333333333333}"
EndProject
Project("{9A19103F-16F7-4668-BE54-9A1E7A4F7556}") = "Infrastructure", "src/Infrastructure/Infrastructure.csproj", "{44444444-4444-4444-4444-444444444444}"
EndProject
Project("{9A19103F-16F7-4668-BE54-9A1E7A4F7556}") = "WebApi", "src/WebApi/WebApi.csproj", "{55555555-5555-5555-5555-555555555555}"
EndProject
Project("{9A19103F-16F7-4668-BE54-9A1E7A4F7556}") = "Gateway", "src/Gateway/Gateway.csproj", "{66666666-6666-6666-6666-666666666666}"
EndProject
Project("{9A19103F-16F7-4668-BE54-9A1E7A4F7556}") = "Workers.Jobs", "src/Workers/Workers.Jobs.csproj", "{77777777-7777-7777-7777-777777777777}"
EndProject
Project("{9A19103F-16F7-4668-BE54-9A1E7A4F7556}") = "Security", "src/Security/Security.csproj", "{88888888-8888-8888-8888-888888888888}"
EndProject
Project("{9A19103F-16F7-4668-BE54-9A1E7A4F7556}") = "IdentityProvider", "src/Identity/IdentityProvider.csproj", "{99999999-9999-9999-9999-999999999999}"
EndProject
Project("{9A19103F-16F7-4668-BE54-9A1E7A4F7556}") = "UnitTests", "tests/UnitTests/UnitTests.csproj", "{AAAAAAAA-AAAA-AAAA-AAAA-AAAAAAAAAAAA}"
EndProject
Project("{9A19103F-16F7-4668-BE54-9A1E7A4F7556}") = "IntegrationTests", "tests/IntegrationTests/IntegrationTests.csproj", "{BBBBBBBB-BBBB-BBBB-BBBB-BBBBBBBBBBBB}"
EndProject
Project("{9A19103F-16F7-4668-BE54-9A1E7A4F7556}") = "Ingestion.Worker", "src/Ingestion/Ingestion.Worker.csproj", "{CCCCCCCC-CCCC-CCCC-CCCC-CCCCCCCCCCCC}"
EndProject
Project("{9A19103F-16F7-4668-BE54-9A1E7A4F7556}") = "Replayer", "src/Tools/Replayer/Replayer.csproj", "{DDDDDDDD-DDDD-DDDD-DDDD-DDDDDDDDDDDD}"
EndProject
Project("{9A19103F-16F7-4668-BE54-9A1E7A4F7556}") = "TimeSeries", "src/TimeSeries/TimeSeries.csproj", "{EEEEEEEE-EEEE-EEEE-EEEE-EEEEEEEEEEEE}"
EndProject
Project("{9A19103F-16F7-4668-BE54-9A1E7A4F7556}") = "Optimization.Service", "src/Optimization/Optimization.Service.csproj", "{FEEEEEEE-FEEE-FEEE-FEEE-FEEEEEEEEEEE}"
EndProject
Project("{9A19103F-16F7-4668-BE54-9A1E7A4F7556}") = "Events.Service", "src/Events/Events.Service.csproj", "{ABCDEFAB-1234-5678-9ABC-ABCDEFFEDCBA}"
EndProject
Project("{9A19103F-16F7-4668-BE54-9A1E7A4F7556}") = "Search.Service", "src/Search/Search.Service.csproj", "{SEARCH01-SEARCH-SEARCH-SEARCH-SEARCHSEARCH}"
EndProject
Project("{9A19103F-16F7-4668-BE54-9A1E7A4F7556}") = "Reporting.Service", "src/Reporting/Reporting.Service.csproj", "{REPORT01-REPORT-REPORT-REPORT-REPORTREPORT}"
EndProject
Project("{9A19103F-16F7-4668-BE54-9A1E7A4F7556}") = "Migrations", "src/Migrations/Migrations.csproj", "{MIGRATE01-MIGRATE-MIGRATE-MIGRATE-MIGRATEMIGRATE}"
EndProject
Project("{9A19103F-16F7-4668-BE54-9A1E7A4F7556}") = "DisasterRecovery.Service", "src/DisasterRecovery/DisasterRecovery.Service.csproj", "{DR0001-DR-DR-DR-DRDRDRDR}"
EndProject
Project("{9A19103F-16F7-4668-BE54-9A1E7A4F7556}") = "DataGovernance.Service", "src/DataGovernance/DataGovernance.Service.csproj", "{DG0001-DG-DG-DG-DGDGDGDG}"
EndProject
Project("{9A19103F-16F7-4668-BE54-9A1E7A4F7556}") = "Cutover.Service", "src/Cutover/Cutover.Service.csproj", "{CV0001-CV-CV-CV-CVCVCVCV}"
EndProject
Project("{9A19103F-16F7-4668-BE54-9A1E7A4F7556}") = "Emissions.Service", "src/Emissions/Emissions.Service.csproj", "{EM0001-EM-EM-EM-EMEMEMEM}"
EndProject
Project("{9A19103F-16F7-4668-BE54-9A1E7A4F7556}") = "MDM.Service", "src/MDM/MDM.Service.csproj", "{MD0001-MD-MD-MD-MDMDMDMD}"
EndProject
Project("{9A19103F-16F7-4668-BE54-9A1E7A4F7556}") = "Cost.Service", "src/Cost/Cost.Service.csproj", "{CO0001-CO-CO-CO-COCOCOCO}"
EndProject
Global
	GlobalSection(SolutionConfigurationPlatforms) = preSolution
		Debug|Any CPU = Debug|Any CPU
		Release|Any CPU = Release|Any CPU
	EndGlobalSection
	GlobalSection(ProjectConfigurationPlatforms) = postSolution
		{11111111-1111-1111-1111-111111111111}.Debug|Any CPU.ActiveCfg = Debug|Any CPU
		{11111111-1111-1111-1111-111111111111}.Debug|Any CPU.Build.0 = Debug|Any CPU
		{11111111-1111-1111-1111-111111111111}.Release|Any CPU.ActiveCfg = Release|Any CPU
		{11111111-1111-1111-1111-111111111111}.Release|Any CPU.Build.0 = Release|Any CPU
		{22222222-2222-2222-2222-222222222222}.Debug|Any CPU.ActiveCfg = Debug|Any CPU
		{22222222-2222-2222-2222-222222222222}.Debug|Any CPU.Build.0 = Debug|Any CPU
		{22222222-2222-2222-2222-222222222222}.Release|Any CPU.ActiveCfg = Release|Any CPU
		{22222222-2222-2222-2222-222222222222}.Release|Any CPU.Build.0 = Release|Any CPU
		{33333333-3333-3333-3333-333333333333}.Debug|Any CPU.ActiveCfg = Debug|Any CPU
		{33333333-3333-3333-3333-333333333333}.Debug|Any CPU.Build.0 = Debug|Any CPU
		{33333333-3333-3333-3333-333333333333}.Release|Any CPU.ActiveCfg = Release|Any CPU
		{33333333-3333-3333-3333-333333333333}.Release|Any CPU.Build.0 = Release|Any CPU
		{44444444-4444-4444-4444-444444444444}.Debug|Any CPU.ActiveCfg = Debug|Any CPU
		{44444444-4444-4444-4444-444444444444}.Debug|Any CPU.Build.0 = Debug|Any CPU
		{44444444-4444-4444-4444-444444444444}.Release|Any CPU.ActiveCfg = Release|Any CPU
		{44444444-4444-4444-4444-444444444444}.Release|Any CPU.Build.0 = Release|Any CPU
		{55555555-5555-5555-5555-555555555555}.Debug|Any CPU.ActiveCfg = Debug|Any CPU
		{55555555-5555-5555-5555-555555555555}.Debug|Any CPU.Build.0 = Debug|Any CPU
		{55555555-5555-5555-5555-555555555555}.Release|Any CPU.ActiveCfg = Release|Any CPU
		{55555555-5555-5555-5555-555555555555}.Release|Any CPU.Build.0 = Release|Any CPU
		{66666666-6666-6666-6666-666666666666}.Debug|Any CPU.ActiveCfg = Debug|Any CPU
		{66666666-6666-6666-6666-666666666666}.Debug|Any CPU.Build.0 = Debug|Any CPU
		{66666666-6666-6666-6666-666666666666}.Release|Any CPU.ActiveCfg = Release|Any CPU
		{66666666-6666-6666-6666-666666666666}.Release|Any CPU.Build.0 = Release|Any CPU
		{77777777-7777-7777-7777-777777777777}.Debug|Any CPU.ActiveCfg = Debug|Any CPU
		{77777777-7777-7777-7777-777777777777}.Debug|Any CPU.Build.0 = Debug|Any CPU
		{77777777-7777-7777-7777-777777777777}.Release|Any CPU.ActiveCfg = Release|Any CPU
		{77777777-7777-7777-7777-777777777777}.Release|Any CPU.Build.0 = Release|Any CPU
		{88888888-8888-8888-8888-888888888888}.Debug|Any CPU.ActiveCfg = Debug|Any CPU
		{88888888-8888-8888-8888-888888888888}.Debug|Any CPU.Build.0 = Debug|Any CPU
		{88888888-8888-8888-8888-888888888888}.Release|Any CPU.ActiveCfg = Release|Any CPU
		{88888888-8888-8888-8888-888888888888}.Release|Any CPU.Build.0 = Release|Any CPU
		{99999999-9999-9999-9999-999999999999}.Debug|Any CPU.ActiveCfg = Debug|Any CPU
		{99999999-9999-9999-9999-999999999999}.Debug|Any CPU.Build.0 = Debug|Any CPU
		{99999999-9999-9999-9999-999999999999}.Release|Any CPU.ActiveCfg = Release|Any CPU
		{99999999-9999-9999-9999-999999999999}.Release|Any CPU.Build.0 = Release|Any CPU
		{AAAAAAAA-AAAA-AAAA-AAAA-AAAAAAAAAAAA}.Debug|Any CPU.ActiveCfg = Debug|Any CPU
		{AAAAAAAA-AAAA-AAAA-AAAA-AAAAAAAAAAAA}.Debug|Any CPU.Build.0 = Debug|Any CPU
		{AAAAAAAA-AAAA-AAAA-AAAA-AAAAAAAAAAAA}.Release|Any CPU.ActiveCfg = Release|Any CPU
		{AAAAAAAA-AAAA-AAAA-AAAA-AAAAAAAAAAAA}.Release|Any CPU.Build.0 = Release|Any CPU
		{BBBBBBBB-BBBB-BBBB-BBBB-BBBBBBBBBBBB}.Debug|Any CPU.ActiveCfg = Debug|Any CPU
		{BBBBBBBB-BBBB-BBBB-BBBB-BBBBBBBBBBBB}.Debug|Any CPU.Build.0 = Debug|Any CPU
		{BBBBBBBB-BBBB-BBBB-BBBB-BBBBBBBBBBBB}.Release|Any CPU.ActiveCfg = Release|Any CPU
		{BBBBBBBB-BBBB-BBBB-BBBB-BBBBBBBBBBBB}.Release|Any CPU.Build.0 = Release|Any CPU
		{CCCCCCCC-CCCC-CCCC-CCCC-CCCCCCCCCCCC}.Debug|Any CPU.ActiveCfg = Debug|Any CPU
		{CCCCCCCC-CCCC-CCCC-CCCC-CCCCCCCCCCCC}.Debug|Any CPU.Build.0 = Debug|Any CPU
		{CCCCCCCC-CCCC-CCCC-CCCC-CCCCCCCCCCCC}.Release|Any CPU.ActiveCfg = Release|Any CPU
		{CCCCCCCC-CCCC-CCCC-CCCC-CCCCCCCCCCCC}.Release|Any CPU.Build.0 = Release|Any CPU
		{DDDDDDDD-DDDD-DDDD-DDDD-DDDDDDDDDDDD}.Debug|Any CPU.ActiveCfg = Debug|Any CPU
		{DDDDDDDD-DDDD-DDDD-DDDD-DDDDDDDDDDDD}.Debug|Any CPU.Build.0 = Debug|Any CPU
		{DDDDDDDD-DDDD-DDDD-DDDD-DDDDDDDDDDDD}.Release|Any CPU.ActiveCfg = Release|Any CPU
		{DDDDDDDD-DDDD-DDDD-DDDD-DDDDDDDDDDDD}.Release|Any CPU.Build.0 = Release|Any CPU
		{EEEEEEEE-EEEE-EEEE-EEEE-EEEEEEEEEEEE}.Debug|Any CPU.ActiveCfg = Debug|Any CPU
		{EEEEEEEE-EEEE-EEEE-EEEE-EEEEEEEEEEEE}.Debug|Any CPU.Build.0 = Debug|Any CPU
		{EEEEEEEE-EEEE-EEEE-EEEE-EEEEEEEEEEEE}.Release|Any CPU.ActiveCfg = Release|Any CPU
		{EEEEEEEE-EEEE-EEEE-EEEE-EEEEEEEEEEEE}.Release|Any CPU.Build.0 = Release|Any CPU
		{FEEEEEEE-FEEE-FEEE-FEEE-FEEEEEEEEEEE}.Debug|Any CPU.ActiveCfg = Debug|Any CPU
		{FEEEEEEE-FEEE-FEEE-FEEE-FEEEEEEEEEEE}.Debug|Any CPU.Build.0 = Debug|Any CPU
		{FEEEEEEE-FEEE-FEEE-FEEE-FEEEEEEEEEEE}.Release|Any CPU.ActiveCfg = Release|Any CPU
		{FEEEEEEE-FEEE-FEEE-FEEE-FEEEEEEEEEEE}.Release|Any CPU.Build.0 = Release|Any CPU
		{ABCDEFAB-1234-5678-9ABC-ABCDEFFEDCBA}.Debug|Any CPU.ActiveCfg = Debug|Any CPU
		{ABCDEFAB-1234-5678-9ABC-ABCDEFFEDCBA}.Debug|Any CPU.Build.0 = Debug|Any CPU
		{ABCDEFAB-1234-5678-9ABC-ABCDEFFEDCBA}.Release|Any CPU.ActiveCfg = Release|Any CPU
		{ABCDEFAB-1234-5678-9ABC-ABCDEFFEDCBA}.Release|Any CPU.Build.0 = Release|Any CPU
		{SEARCH01-SEARCH-SEARCH-SEARCH-SEARCHSEARCH}.Debug|Any CPU.ActiveCfg = Debug|Any CPU
		{SEARCH01-SEARCH-SEARCH-SEARCH-SEARCHSEARCH}.Debug|Any CPU.Build.0 = Debug|Any CPU
		{SEARCH01-SEARCH-SEARCH-SEARCH-SEARCHSEARCH}.Release|Any CPU.ActiveCfg = Release|Any CPU
		{SEARCH01-SEARCH-SEARCH-SEARCH-SEARCHSEARCH}.Release|Any CPU.Build.0 = Release|Any CPU
		{REPORT01-REPORT-REPORT-REPORT-REPORTREPORT}.Debug|Any CPU.ActiveCfg = Debug|Any CPU
		{REPORT01-REPORT-REPORT-REPORT-REPORTREPORT}.Debug|Any CPU.Build.0 = Debug|Any CPU
		{REPORT01-REPORT-REPORT-REPORT-REPORTREPORT}.Release|Any CPU.ActiveCfg = Release|Any CPU
		{REPORT01-REPORT-REPORT-REPORT-REPORTREPORT}.Release|Any CPU.Build.0 = Release|Any CPU
		{MIGRATE01-MIGRATE-MIGRATE-MIGRATE-MIGRATEMIGRATE}.Debug|Any CPU.ActiveCfg = Debug|Any CPU
		{MIGRATE01-MIGRATE-MIGRATE-MIGRATE-MIGRATEMIGRATE}.Debug|Any CPU.Build.0 = Debug|Any CPU
		{MIGRATE01-MIGRATE-MIGRATE-MIGRATE-MIGRATEMIGRATE}.Release|Any CPU.ActiveCfg = Release|Any CPU
		{MIGRATE01-MIGRATE-MIGRATE-MIGRATE-MIGRATEMIGRATE}.Release|Any CPU.Build.0 = Release|Any CPU
		{DR0001-DR-DR-DR-DRDRDRDR}.Debug|Any CPU.ActiveCfg = Debug|Any CPU
		{DR0001-DR-DR-DR-DRDRDRDR}.Debug|Any CPU.Build.0 = Debug|Any CPU
		{DR0001-DR-DR-DR-DRDRDRDR}.Release|Any CPU.ActiveCfg = Release|Any CPU
		{DR0001-DR-DR-DR-DRDRDRDR}.Release|Any CPU.Build.0 = Release|Any CPU
		{DG0001-DG-DG-DG-DGDGDGDG}.Debug|Any CPU.ActiveCfg = Debug|Any CPU
		{DG0001-DG-DG-DG-DGDGDGDG}.Debug|Any CPU.Build.0 = Debug|Any CPU
		{DG0001-DG-DG-DG-DGDGDGDG}.Release|Any CPU.ActiveCfg = Release|Any CPU
		{DG0001-DG-DG-DG-DGDGDGDG}.Release|Any CPU.Build.0 = Release|Any CPU
		{CV0001-CV-CV-CV-CVCVCVCV}.Debug|Any CPU.ActiveCfg = Debug|Any CPU
		{CV0001-CV-CV-CV-CVCVCVCV}.Debug|Any CPU.Build.0 = Debug|Any CPU
		{CV0001-CV-CV-CV-CVCVCVCV}.Release|Any CPU.ActiveCfg = Release|Any CPU
		{CV0001-CV-CV-CV-CVCVCVCV}.Release|Any CPU.Build.0 = Release|Any CPU
		{EM0001-EM-EM-EM-EMEMEMEM}.Debug|Any CPU.ActiveCfg = Debug|Any CPU
		{EM0001-EM-EM-EM-EMEMEMEM}.Debug|Any CPU.Build.0 = Debug|Any CPU
		{EM0001-EM-EM-EM-EMEMEMEM}.Release|Any CPU.ActiveCfg = Release|Any CPU
		{EM0001-EM-EM-EM-EMEMEMEM}.Release|Any CPU.Build.0 = Release|Any CPU
		{MD0001-MD-MD-MD-MDMDMDMD}.Debug|Any CPU.ActiveCfg = Debug|Any CPU
		{MD0001-MD-MD-MD-MDMDMDMD}.Debug|Any CPU.Build.0 = Debug|Any CPU
		{MD0001-MD-MD-MD-MDMDMDMD}.Release|Any CPU.ActiveCfg = Release|Any CPU
		{MD0001-MD-MD-MD-MDMDMDMD}.Release|Any CPU.Build.0 = Release|Any CPU
		{CO0001-CO-CO-CO-COCOCOCO}.Debug|Any CPU.ActiveCfg = Debug|Any CPU
		{CO0001-CO-CO-CO-COCOCOCO}.Debug|Any CPU.Build.0 = Debug|Any CPU
		{CO0001-CO-CO-CO-COCOCOCO}.Release|Any CPU.ActiveCfg = Release|Any CPU
		{CO0001-CO-CO-CO-COCOCOCO}.Release|Any CPU.Build.0 = Release|Any CPU
	EndGlobalSection
EndGlobal
